
Microsoft Visual Studio Solution File, Format Version 12.00
# Visual Studio Version 17
VisualStudioVersion = 17.10.35122.118
MinimumVisualStudioVersion = 10.0.40219.1
Project("{FAE04EC0-301F-11D3-BF4B-00C04F79EFBC}") = "PracticeApp", "PracticeApp\PracticeApp.csproj", "{43AD74A8-795C-40A3-ABA6-CF2EB2385489}"
EndProject
Global
	GlobalSection(SolutionConfigurationPlatforms) = preSolution
		Debug|Any CPU = Debug|Any CPU
		Release|Any CPU = Release|Any CPU
	EndGlobalSection
	GlobalSection(ProjectConfigurationPlatforms) = postSolution
		{43AD74A8-795C-40A3-ABA6-CF2EB2385489}.Debug|Any CPU.ActiveCfg = Debug|Any CPU
		{43AD74A8-795C-40A3-ABA6-CF2EB2385489}.Debug|Any CPU.Build.0 = Debug|Any CPU
		{43AD74A8-795C-40A3-ABA6-CF2EB2385489}.Release|Any CPU.ActiveCfg = Release|Any CPU
		{43AD74A8-795C-40A3-ABA6-CF2EB2385489}.Release|Any CPU.Build.0 = Release|Any CPU
	EndGlobalSection
	GlobalSection(SolutionProperties) = preSolution
		HideSolutionNode = FALSE
	EndGlobalSection
	GlobalSection(ExtensibilityGlobals) = postSolution
		SolutionGuid = {BA742B88-6DF4-4D00-A434-0319C76736E8}
	EndGlobalSection
EndGlobal
